
Microsoft Visual Studio Solution File, Format Version 12.00
# Visual Studio Version 16
VisualStudioVersion = 16.0.30907.101
MinimumVisualStudioVersion = 10.0.40219.1
Project("{FAE04EC0-301F-11D3-BF4B-00C04F79EFBC}") = "GameProject", "GameProject\GameProject.csproj", "{B16BCF5D-3243-4699-814F-0857F8CA9D1F}"
EndProject
Global
	GlobalSection(SolutionConfigurationPlatforms) = preSolution
		Debug|Any CPU = Debug|Any CPU
		Release|Any CPU = Release|Any CPU
	EndGlobalSection
	GlobalSection(ProjectConfigurationPlatforms) = postSolution
		{B16BCF5D-3243-4699-814F-0857F8CA9D1F}.Debug|Any CPU.ActiveCfg = Debug|Any CPU
		{B16BCF5D-3243-4699-814F-0857F8CA9D1F}.Debug|Any CPU.Build.0 = Debug|Any CPU
		{B16BCF5D-3243-4699-814F-0857F8CA9D1F}.Release|Any CPU.ActiveCfg = Release|Any CPU
		{B16BCF5D-3243-4699-814F-0857F8CA9D1F}.Release|Any CPU.Build.0 = Release|Any CPU
	EndGlobalSection
	GlobalSection(SolutionProperties) = preSolution
		HideSolutionNode = FALSE
	EndGlobalSection
	GlobalSection(ExtensibilityGlobals) = postSolution
		SolutionGuid = {DC977725-0503-484B-9177-F7446FE08F34}
	EndGlobalSection
EndGlobal
